// !$*UTF8*$!
{
	archiveVersion = 1;
	classes = {
	};
	objectVersion = 50;
	objects = {

/* Begin PBXBuildFile section */
		CE8044DF248E592A00EB4AC8 /* AppDelegate.m in Sources */ = {isa = PBXBuildFile; fileRef = CE8044DE248E592A00EB4AC8 /* AppDelegate.m */; };
		CE8044E2248E592A00EB4AC8 /* SceneDelegate.m in Sources */ = {isa = PBXBuildFile; fileRef = CE8044E1248E592A00EB4AC8 /* SceneDelegate.m */; };
		CE8044E5248E592A00EB4AC8 /* ViewController.m in Sources */ = {isa = PBXBuildFile; fileRef = CE8044E4248E592A00EB4AC8 /* ViewController.m */; };
		CE8044E8248E592A00EB4AC8 /* Main.storyboard in Resources */ = {isa = PBXBuildFile; fileRef = CE8044E6248E592A00EB4AC8 /* Main.storyboard */; };
		CE8044EA248E592B00EB4AC8 /* Assets.xcassets in Resources */ = {isa = PBXBuildFile; fileRef = CE8044E9248E592B00EB4AC8 /* Assets.xcassets */; };
		CE8044ED248E592B00EB4AC8 /* LaunchScreen.storyboard in Resources */ = {isa = PBXBuildFile; fileRef = CE8044EB248E592B00EB4AC8 /* LaunchScreen.storyboard */; };
		CE8044F0248E592B00EB4AC8 /* main.m in Sources */ = {isa = PBXBuildFile; fileRef = CE8044EF248E592B00EB4AC8 /* main.m */; };
		CE8044FA248E592B00EB4AC8 /* tableViewTestTests.m in Sources */ = {isa = PBXBuildFile; fileRef = CE8044F9248E592B00EB4AC8 /* tableViewTestTests.m */; };
		CE804505248E592B00EB4AC8 /* tableViewTestUITests.m in Sources */ = {isa = PBXBuildFile; fileRef = CE804504248E592B00EB4AC8 /* tableViewTestUITests.m */; };
		CE804515248F364800EB4AC8 /* list.plist in Resources */ = {isa = PBXBuildFile; fileRef = CE804514248F364800EB4AC8 /* list.plist */; };
		CE804559248F76EB00EB4AC8 /* littleView.m in Sources */ = {isa = PBXBuildFile; fileRef = CE804558248F76EB00EB4AC8 /* littleView.m */; };
		CE80455C248F7F3E00EB4AC8 /* libsqlite3.0.tbd in Frameworks */ = {isa = PBXBuildFile; fileRef = CE80455B248F7F3E00EB4AC8 /* libsqlite3.0.tbd */; };
/* End PBXBuildFile section */

/* Begin PBXContainerItemProxy section */
		CE8044F6248E592B00EB4AC8 /* PBXContainerItemProxy */ = {
			isa = PBXContainerItemProxy;
			containerPortal = CE8044D2248E592A00EB4AC8 /* Project object */;
			proxyType = 1;
			remoteGlobalIDString = CE8044D9248E592A00EB4AC8;
			remoteInfo = tableViewTest;
		};
		CE804501248E592B00EB4AC8 /* PBXContainerItemProxy */ = {
			isa = PBXContainerItemProxy;
			containerPortal = CE8044D2248E592A00EB4AC8 /* Project object */;
			proxyType = 1;
			remoteGlobalIDString = CE8044D9248E592A00EB4AC8;
			remoteInfo = tableViewTest;
		};
/* End PBXContainerItemProxy section */

/* Begin PBXFileReference section */
		CE8044DA248E592A00EB4AC8 /* tableViewTest.app */ = {isa = PBXFileReference; explicitFileType = wrapper.application; includeInIndex = 0; path = tableViewTest.app; sourceTree = BUILT_PRODUCTS_DIR; };
		CE8044DD248E592A00EB4AC8 /* AppDelegate.h */ = {isa = PBXFileReference; lastKnownFileType = sourcecode.c.h; path = AppDelegate.h; sourceTree = "<group>"; };
		CE8044DE248E592A00EB4AC8 /* AppDelegate.m */ = {isa = PBXFileReference; lastKnownFileType = sourcecode.c.objc; path = AppDelegate.m; sourceTree = "<group>"; };
		CE8044E0248E592A00EB4AC8 /* SceneDelegate.h */ = {isa = PBXFileReference; lastKnownFileType = sourcecode.c.h; path = SceneDelegate.h; sourceTree = "<group>"; };
		CE8044E1248E592A00EB4AC8 /* SceneDelegate.m */ = {isa = PBXFileReference; lastKnownFileType = sourcecode.c.objc; path = SceneDelegate.m; sourceTree = "<group>"; };
		CE8044E3248E592A00EB4AC8 /* ViewController.h */ = {isa = PBXFileReference; lastKnownFileType = sourcecode.c.h; path = ViewController.h; sourceTree = "<group>"; };
		CE8044E4248E592A00EB4AC8 /* ViewController.m */ = {isa = PBXFileReference; lastKnownFileType = sourcecode.c.objc; path = ViewController.m; sourceTree = "<group>"; wrapsLines = 0; };
		CE8044E7248E592A00EB4AC8 /* Base */ = {isa = PBXFileReference; lastKnownFileType = file.storyboard; name = Base; path = Base.lproj/Main.storyboard; sourceTree = "<group>"; };
		CE8044E9248E592B00EB4AC8 /* Assets.xcassets */ = {isa = PBXFileReference; lastKnownFileType = folder.assetcatalog; path = Assets.xcassets; sourceTree = "<group>"; };
		CE8044EC248E592B00EB4AC8 /* Base */ = {isa = PBXFileReference; lastKnownFileType = file.storyboard; name = Base; path = Base.lproj/LaunchScreen.storyboard; sourceTree = "<group>"; };
		CE8044EE248E592B00EB4AC8 /* Info.plist */ = {isa = PBXFileReference; lastKnownFileType = text.plist.xml; path = Info.plist; sourceTree = "<group>"; };
		CE8044EF248E592B00EB4AC8 /* main.m */ = {isa = PBXFileReference; lastKnownFileType = sourcecode.c.objc; path = main.m; sourceTree = "<group>"; };
		CE8044F5248E592B00EB4AC8 /* tableViewTestTests.xctest */ = {isa = PBXFileReference; explicitFileType = wrapper.cfbundle; includeInIndex = 0; path = tableViewTestTests.xctest; sourceTree = BUILT_PRODUCTS_DIR; };
		CE8044F9248E592B00EB4AC8 /* tableViewTestTests.m */ = {isa = PBXFileReference; lastKnownFileType = sourcecode.c.objc; path = tableViewTestTests.m; sourceTree = "<group>"; };
		CE8044FB248E592B00EB4AC8 /* Info.plist */ = {isa = PBXFileReference; lastKnownFileType = text.plist.xml; path = Info.plist; sourceTree = "<group>"; };
		CE804500248E592B00EB4AC8 /* tableViewTestUITests.xctest */ = {isa = PBXFileReference; explicitFileType = wrapper.cfbundle; includeInIndex = 0; path = tableViewTestUITests.xctest; sourceTree = BUILT_PRODUCTS_DIR; };
		CE804504248E592B00EB4AC8 /* tableViewTestUITests.m */ = {isa = PBXFileReference; lastKnownFileType = sourcecode.c.objc; path = tableViewTestUITests.m; sourceTree = "<group>"; };
		CE804506248E592B00EB4AC8 /* Info.plist */ = {isa = PBXFileReference; lastKnownFileType = text.plist.xml; path = Info.plist; sourceTree = "<group>"; };
		CE804514248F364800EB4AC8 /* list.plist */ = {isa = PBXFileReference; lastKnownFileType = file.bplist; path = list.plist; sourceTree = "<group>"; };
		CE804557248F76EB00EB4AC8 /* littleView.h */ = {isa = PBXFileReference; lastKnownFileType = sourcecode.c.h; path = littleView.h; sourceTree = "<group>"; };
		CE804558248F76EB00EB4AC8 /* littleView.m */ = {isa = PBXFileReference; lastKnownFileType = sourcecode.c.objc; path = littleView.m; sourceTree = "<group>"; };
		CE80455B248F7F3E00EB4AC8 /* libsqlite3.0.tbd */ = {isa = PBXFileReference; lastKnownFileType = "sourcecode.text-based-dylib-definition"; name = libsqlite3.0.tbd; path = usr/lib/libsqlite3.0.tbd; sourceTree = SDKROOT; };
		CE80455D248F7FC100EB4AC8 /* libsqlite3.tbd */ = {isa = PBXFileReference; lastKnownFileType = "sourcecode.text-based-dylib-definition"; name = libsqlite3.tbd; path = usr/lib/libsqlite3.tbd; sourceTree = SDKROOT; };
/* End PBXFileReference section */

/* Begin PBXFrameworksBuildPhase section */
		CE8044D7248E592A00EB4AC8 /* Frameworks */ = {
			isa = PBXFrameworksBuildPhase;
			buildActionMask = 2147483647;
			files = (
				CE80455C248F7F3E00EB4AC8 /* libsqlite3.0.tbd in Frameworks */,
			);
			runOnlyForDeploymentPostprocessing = 0;
		};
		CE8044F2248E592B00EB4AC8 /* Frameworks */ = {
			isa = PBXFrameworksBuildPhase;
			buildActionMask = 2147483647;
			files = (
			);
			runOnlyForDeploymentPostprocessing = 0;
		};
		CE8044FD248E592B00EB4AC8 /* Frameworks */ = {
			isa = PBXFrameworksBuildPhase;
			buildActionMask = 2147483647;
			files = (
			);
			runOnlyForDeploymentPostprocessing = 0;
		};
/* End PBXFrameworksBuildPhase section */

/* Begin PBXGroup section */
		CE8044D1248E592A00EB4AC8 = {
			isa = PBXGroup;
			children = (
				CE8044DC248E592A00EB4AC8 /* tableViewTest */,
				CE8044F8248E592B00EB4AC8 /* tableViewTestTests */,
				CE804503248E592B00EB4AC8 /* tableViewTestUITests */,
				CE8044DB248E592A00EB4AC8 /* Products */,
				CE80455A248F7F3E00EB4AC8 /* Frameworks */,
			);
			sourceTree = "<group>";
		};
		CE8044DB248E592A00EB4AC8 /* Products */ = {
			isa = PBXGroup;
			children = (
				CE8044DA248E592A00EB4AC8 /* tableViewTest.app */,
				CE8044F5248E592B00EB4AC8 /* tableViewTestTests.xctest */,
				CE804500248E592B00EB4AC8 /* tableViewTestUITests.xctest */,
			);
			name = Products;
			sourceTree = "<group>";
		};
		CE8044DC248E592A00EB4AC8 /* tableViewTest */ = {
			isa = PBXGroup;
			children = (
				CE8044DD248E592A00EB4AC8 /* AppDelegate.h */,
				CE8044DE248E592A00EB4AC8 /* AppDelegate.m */,
				CE8044E0248E592A00EB4AC8 /* SceneDelegate.h */,
				CE8044E1248E592A00EB4AC8 /* SceneDelegate.m */,
				CE804557248F76EB00EB4AC8 /* littleView.h */,
				CE804558248F76EB00EB4AC8 /* littleView.m */,
				CE8044E3248E592A00EB4AC8 /* ViewController.h */,
				CE8044E4248E592A00EB4AC8 /* ViewController.m */,
				CE8044E6248E592A00EB4AC8 /* Main.storyboard */,
				CE8044E9248E592B00EB4AC8 /* Assets.xcassets */,
				CE8044EB248E592B00EB4AC8 /* LaunchScreen.storyboard */,
				CE8044EE248E592B00EB4AC8 /* Info.plist */,
				CE804514248F364800EB4AC8 /* list.plist */,
				CE8044EF248E592B00EB4AC8 /* main.m */,
			);
			path = tableViewTest;
			sourceTree = "<group>";
		};
		CE8044F8248E592B00EB4AC8 /* tableViewTestTests */ = {
			isa = PBXGroup;
			children = (
				CE8044F9248E592B00EB4AC8 /* tableViewTestTests.m */,
				CE8044FB248E592B00EB4AC8 /* Info.plist */,
			);
			path = tableViewTestTests;
			sourceTree = "<group>";
		};
		CE804503248E592B00EB4AC8 /* tableViewTestUITests */ = {
			isa = PBXGroup;
			children = (
				CE804504248E592B00EB4AC8 /* tableViewTestUITests.m */,
				CE804506248E592B00EB4AC8 /* Info.plist */,
			);
			path = tableViewTestUITests;
			sourceTree = "<group>";
		};
		CE80455A248F7F3E00EB4AC8 /* Frameworks */ = {
			isa = PBXGroup;
			children = (
				CE80455D248F7FC100EB4AC8 /* libsqlite3.tbd */,
				CE80455B248F7F3E00EB4AC8 /* libsqlite3.0.tbd */,
			);
			name = Frameworks;
			sourceTree = "<group>";
		};
/* End PBXGroup section */

/* Begin PBXNativeTarget section */
		CE8044D9248E592A00EB4AC8 /* tableViewTest */ = {
			isa = PBXNativeTarget;
			buildConfigurationList = CE804509248E592B00EB4AC8 /* Build configuration list for PBXNativeTarget "tableViewTest" */;
			buildPhases = (
				CE8044D6248E592A00EB4AC8 /* Sources */,
				CE8044D7248E592A00EB4AC8 /* Frameworks */,
				CE8044D8248E592A00EB4AC8 /* Resources */,
			);
			buildRules = (
			);
			dependencies = (
			);
			name = tableViewTest;
			productName = tableViewTest;
			productReference = CE8044DA248E592A00EB4AC8 /* tableViewTest.app */;
			productType = "com.apple.product-type.application";
		};
		CE8044F4248E592B00EB4AC8 /* tableViewTestTests */ = {
			isa = PBXNativeTarget;
			buildConfigurationList = CE80450C248E592B00EB4AC8 /* Build configuration list for PBXNativeTarget "tableViewTestTests" */;
			buildPhases = (
				CE8044F1248E592B00EB4AC8 /* Sources */,
				CE8044F2248E592B00EB4AC8 /* Frameworks */,
				CE8044F3248E592B00EB4AC8 /* Resources */,
			);
			buildRules = (
			);
			dependencies = (
				CE8044F7248E592B00EB4AC8 /* PBXTargetDependency */,
			);
			name = tableViewTestTests;
			productName = tableViewTestTests;
			productReference = CE8044F5248E592B00EB4AC8 /* tableViewTestTests.xctest */;
			productType = "com.apple.product-type.bundle.unit-test";
		};
		CE8044FF248E592B00EB4AC8 /* tableViewTestUITests */ = {
			isa = PBXNativeTarget;
			buildConfigurationList = CE80450F248E592B00EB4AC8 /* Build configuration list for PBXNativeTarget "tableViewTestUITests" */;
			buildPhases = (
				CE8044FC248E592B00EB4AC8 /* Sources */,
				CE8044FD248E592B00EB4AC8 /* Frameworks */,
				CE8044FE248E592B00EB4AC8 /* Resources */,
			);
			buildRules = (
			);
			dependencies = (
				CE804502248E592B00EB4AC8 /* PBXTargetDependency */,
			);
			name = tableViewTestUITests;
			productName = tableViewTestUITests;
			productReference = CE804500248E592B00EB4AC8 /* tableViewTestUITests.xctest */;
			productType = "com.apple.product-type.bundle.ui-testing";
		};
/* End PBXNativeTarget section */

/* Begin PBXProject section */
		CE8044D2248E592A00EB4AC8 /* Project object */ = {
			isa = PBXProject;
			attributes = {
				LastUpgradeCheck = 1150;
				ORGANIZATIONNAME = jupiter;
				TargetAttributes = {
					CE8044D9248E592A00EB4AC8 = {
						CreatedOnToolsVersion = 11.5;
					};
					CE8044F4248E592B00EB4AC8 = {
						CreatedOnToolsVersion = 11.5;
						TestTargetID = CE8044D9248E592A00EB4AC8;
					};
					CE8044FF248E592B00EB4AC8 = {
						CreatedOnToolsVersion = 11.5;
						TestTargetID = CE8044D9248E592A00EB4AC8;
					};
				};
			};
			buildConfigurationList = CE8044D5248E592A00EB4AC8 /* Build configuration list for PBXProject "tableViewTest" */;
			compatibilityVersion = "Xcode 9.3";
			developmentRegion = en;
			hasScannedForEncodings = 0;
			knownRegions = (
				en,
				Base,
			);
			mainGroup = CE8044D1248E592A00EB4AC8;
			productRefGroup = CE8044DB248E592A00EB4AC8 /* Products */;
			projectDirPath = "";
			projectRoot = "";
			targets = (
				CE8044D9248E592A00EB4AC8 /* tableViewTest */,
				CE8044F4248E592B00EB4AC8 /* tableViewTestTests */,
				CE8044FF248E592B00EB4AC8 /* tableViewTestUITests */,
			);
		};
/* End PBXProject section */

/* Begin PBXResourcesBuildPhase section */
		CE8044D8248E592A00EB4AC8 /* Resources */ = {
			isa = PBXResourcesBuildPhase;
			buildActionMask = 2147483647;
			files = (
				CE804515248F364800EB4AC8 /* list.plist in Resources */,
				CE8044ED248E592B00EB4AC8 /* LaunchScreen.storyboard in Resources */,
				CE8044EA248E592B00EB4AC8 /* Assets.xcassets in Resources */,
				CE8044E8248E592A00EB4AC8 /* Main.storyboard in Resources */,
			);
			runOnlyForDeploymentPostprocessing = 0;
		};
		CE8044F3248E592B00EB4AC8 /* Resources */ = {
			isa = PBXResourcesBuildPhase;
			buildActionMask = 2147483647;
			files = (
			);
			runOnlyForDeploymentPostprocessing = 0;
		};
		CE8044FE248E592B00EB4AC8 /* Resources */ = {
			isa = PBXResourcesBuildPhase;
			buildActionMask = 2147483647;
			files = (
			);
			runOnlyForDeploymentPostprocessing = 0;
		};
/* End PBXResourcesBuildPhase section */

/* Begin PBXSourcesBuildPhase section */
		CE8044D6248E592A00EB4AC8 /* Sources */ = {
			isa = PBXSourcesBuildPhase;
			buildActionMask = 2147483647;
			files = (
				CE8044E5248E592A00EB4AC8 /* ViewController.m in Sources */,
				CE8044DF248E592A00EB4AC8 /* AppDelegate.m in Sources */,
				CE804559248F76EB00EB4AC8 /* littleView.m in Sources */,
				CE8044F0248E592B00EB4AC8 /* main.m in Sources */,
				CE8044E2248E592A00EB4AC8 /* SceneDelegate.m in Sources */,
			);
			runOnlyForDeploymentPostprocessing = 0;
		};
		CE8044F1248E592B00EB4AC8 /* Sources */ = {
			isa = PBXSourcesBuildPhase;
			buildActionMask = 2147483647;
			files = (
				CE8044FA248E592B00EB4AC8 /* tableViewTestTests.m in Sources */,
			);
			runOnlyForDeploymentPostprocessing = 0;
		};
		CE8044FC248E592B00EB4AC8 /* Sources */ = {
			isa = PBXSourcesBuildPhase;
			buildActionMask = 2147483647;
			files = (
				CE804505248E592B00EB4AC8 /* tableViewTestUITests.m in Sources */,
			);
			runOnlyForDeploymentPostprocessing = 0;
		};
/* End PBXSourcesBuildPhase section */

/* Begin PBXTargetDependency section */
		CE8044F7248E592B00EB4AC8 /* PBXTargetDependency */ = {
			isa = PBXTargetDependency;
			target = CE8044D9248E592A00EB4AC8 /* tableViewTest */;
			targetProxy = CE8044F6248E592B00EB4AC8 /* PBXContainerItemProxy */;
		};
		CE804502248E592B00EB4AC8 /* PBXTargetDependency */ = {
			isa = PBXTargetDependency;
			target = CE8044D9248E592A00EB4AC8 /* tableViewTest */;
			targetProxy = CE804501248E592B00EB4AC8 /* PBXContainerItemProxy */;
		};
/* End PBXTargetDependency section */

/* Begin PBXVariantGroup section */
		CE8044E6248E592A00EB4AC8 /* Main.storyboard */ = {
			isa = PBXVariantGroup;
			children = (
				CE8044E7248E592A00EB4AC8 /* Base */,
			);
			name = Main.storyboard;
			sourceTree = "<group>";
		};
		CE8044EB248E592B00EB4AC8 /* LaunchScreen.storyboard */ = {
			isa = PBXVariantGroup;
			children = (
				CE8044EC248E592B00EB4AC8 /* Base */,
			);
			name = LaunchScreen.storyboard;
			sourceTree = "<group>";
		};
/* End PBXVariantGroup section */

/* Begin XCBuildConfiguration section */
		CE804507248E592B00EB4AC8 /* Debug */ = {
			isa = XCBuildConfiguration;
			buildSettings = {
				ALWAYS_SEARCH_USER_PATHS = NO;
				CLANG_ANALYZER_NONNULL = YES;
				CLANG_ANALYZER_NUMBER_OBJECT_CONVERSION = YES_AGGRESSIVE;
				CLANG_CXX_LANGUAGE_STANDARD = "gnu++14";
				CLANG_CXX_LIBRARY = "libc++";
				CLANG_ENABLE_MODULES = YES;
				CLANG_ENABLE_OBJC_ARC = YES;
				CLANG_ENABLE_OBJC_WEAK = YES;
				CLANG_WARN_BLOCK_CAPTURE_AUTORELEASING = YES;
				CLANG_WARN_BOOL_CONVERSION = YES;
				CLANG_WARN_COMMA = YES;
				CLANG_WARN_CONSTANT_CONVERSION = YES;
				CLANG_WARN_DEPRECATED_OBJC_IMPLEMENTATIONS = YES;
				CLANG_WARN_DIRECT_OBJC_ISA_USAGE = YES_ERROR;
				CLANG_WARN_DOCUMENTATION_COMMENTS = YES;
				CLANG_WARN_EMPTY_BODY = YES;
				CLANG_WARN_ENUM_CONVERSION = YES;
				CLANG_WARN_INFINITE_RECURSION = YES;
				CLANG_WARN_INT_CONVERSION = YES;
				CLANG_WARN_NON_LITERAL_NULL_CONVERSION = YES;
				CLANG_WARN_OBJC_IMPLICIT_RETAIN_SELF = YES;
				CLANG_WARN_OBJC_LITERAL_CONVERSION = YES;
				CLANG_WARN_OBJC_ROOT_CLASS = YES_ERROR;
				CLANG_WARN_RANGE_LOOP_ANALYSIS = YES;
				CLANG_WARN_STRICT_PROTOTYPES = YES;
				CLANG_WARN_SUSPICIOUS_MOVE = YES;
				CLANG_WARN_UNGUARDED_AVAILABILITY = YES_AGGRESSIVE;
				CLANG_WARN_UNREACHABLE_CODE = YES;
				CLANG_WARN__DUPLICATE_METHOD_MATCH = YES;
				COPY_PHASE_STRIP = NO;
				DEBUG_INFORMATION_FORMAT = dwarf;
				ENABLE_STRICT_OBJC_MSGSEND = YES;
				ENABLE_TESTABILITY = YES;
				GCC_C_LANGUAGE_STANDARD = gnu11;
				GCC_DYNAMIC_NO_PIC = NO;
				GCC_NO_COMMON_BLOCKS = YES;
				GCC_OPTIMIZATION_LEVEL = 0;
				GCC_PREPROCESSOR_DEFINITIONS = (
					"DEBUG=1",
					"$(inherited)",
				);
				GCC_WARN_64_TO_32_BIT_CONVERSION = YES;
				GCC_WARN_ABOUT_RETURN_TYPE = YES_ERROR;
				GCC_WARN_UNDECLARED_SELECTOR = YES;
				GCC_WARN_UNINITIALIZED_AUTOS = YES_AGGRESSIVE;
				GCC_WARN_UNUSED_FUNCTION = YES;
				GCC_WARN_UNUSED_VARIABLE = YES;
				IPHONEOS_DEPLOYMENT_TARGET = 13.5;
				MTL_ENABLE_DEBUG_INFO = INCLUDE_SOURCE;
				MTL_FAST_MATH = YES;
				ONLY_ACTIVE_ARCH = YES;
				SDKROOT = iphoneos;
			};
			name = Debug;
		};
		CE804508248E592B00EB4AC8 /* Release */ = {
			isa = XCBuildConfiguration;
			buildSettings = {
				ALWAYS_SEARCH_USER_PATHS = NO;
				CLANG_ANALYZER_NONNULL = YES;
				CLANG_ANALYZER_NUMBER_OBJECT_CONVERSION = YES_AGGRESSIVE;
				CLANG_CXX_LANGUAGE_STANDARD = "gnu++14";
				CLANG_CXX_LIBRARY = "libc++";
				CLANG_ENABLE_MODULES = YES;
				CLANG_ENABLE_OBJC_ARC = YES;
				CLANG_ENABLE_OBJC_WEAK = YES;
				CLANG_WARN_BLOCK_CAPTURE_AUTORELEASING = YES;
				CLANG_WARN_BOOL_CONVERSION = YES;
				CLANG_WARN_COMMA = YES;
				CLANG_WARN_CONSTANT_CONVERSION = YES;
				CLANG_WARN_DEPRECATED_OBJC_IMPLEMENTATIONS = YES;
				CLANG_WARN_DIRECT_OBJC_ISA_USAGE = YES_ERROR;
				CLANG_WARN_DOCUMENTATION_COMMENTS = YES;
				CLANG_WARN_EMPTY_BODY = YES;
				CLANG_WARN_ENUM_CONVERSION = YES;
				CLANG_WARN_INFINITE_RECURSION = YES;
				CLANG_WARN_INT_CONVERSION = YES;
				CLANG_WARN_NON_LITERAL_NULL_CONVERSION = YES;
				CLANG_WARN_OBJC_IMPLICIT_RETAIN_SELF = YES;
				CLANG_WARN_OBJC_LITERAL_CONVERSION = YES;
				CLANG_WARN_OBJC_ROOT_CLASS = YES_ERROR;
				CLANG_WARN_RANGE_LOOP_ANALYSIS = YES;
				CLANG_WARN_STRICT_PROTOTYPES = YES;
				CLANG_WARN_SUSPICIOUS_MOVE = YES;
				CLANG_WARN_UNGUARDED_AVAILABILITY = YES_AGGRESSIVE;
				CLANG_WARN_UNREACHABLE_CODE = YES;
				CLANG_WARN__DUPLICATE_METHOD_MATCH = YES;
				COPY_PHASE_STRIP = NO;
				DEBUG_INFORMATION_FORMAT = "dwarf-with-dsym";
				ENABLE_NS_ASSERTIONS = NO;
				ENABLE_STRICT_OBJC_MSGSEND = YES;
				GCC_C_LANGUAGE_STANDARD = gnu11;
				GCC_NO_COMMON_BLOCKS = YES;
				GCC_WARN_64_TO_32_BIT_CONVERSION = YES;
				GCC_WARN_ABOUT_RETURN_TYPE = YES_ERROR;
				GCC_WARN_UNDECLARED_SELECTOR = YES;
				GCC_WARN_UNINITIALIZED_AUTOS = YES_AGGRESSIVE;
				GCC_WARN_UNUSED_FUNCTION = YES;
				GCC_WARN_UNUSED_VARIABLE = YES;
				IPHONEOS_DEPLOYMENT_TARGET = 13.5;
				MTL_ENABLE_DEBUG_INFO = NO;
				MTL_FAST_MATH = YES;
				SDKROOT = iphoneos;
				VALIDATE_PRODUCT = YES;
			};
			name = Release;
		};
		CE80450A248E592B00EB4AC8 /* Debug */ = {
			isa = XCBuildConfiguration;
			buildSettings = {
				ASSETCATALOG_COMPILER_APPICON_NAME = AppIcon;
				CODE_SIGN_STYLE = Automatic;
				INFOPLIST_FILE = tableViewTest/Info.plist;
				LD_RUNPATH_SEARCH_PATHS = (
					"$(inherited)",
					"@executable_path/Frameworks",
				);
				PRODUCT_BUNDLE_IDENTIFIER = com.example.jupiter.tableViewTest;
				PRODUCT_NAME = "$(TARGET_NAME)";
				TARGETED_DEVICE_FAMILY = "1,2";
			};
			name = Debug;
		};
		CE80450B248E592B00EB4AC8 /* Release */ = {
			isa = XCBuildConfiguration;
			buildSettings = {
				ASSETCATALOG_COMPILER_APPICON_NAME = AppIcon;
				CODE_SIGN_STYLE = Automatic;
				INFOPLIST_FILE = tableViewTest/Info.plist;
				LD_RUNPATH_SEARCH_PATHS = (
					"$(inherited)",
					"@executable_path/Frameworks",
				);
				PRODUCT_BUNDLE_IDENTIFIER = com.example.jupiter.tableViewTest;
				PRODUCT_NAME = "$(TARGET_NAME)";
				TARGETED_DEVICE_FAMILY = "1,2";
			};
			name = Release;
		};
		CE80450D248E592B00EB4AC8 /* Debug */ = {
			isa = XCBuildConfiguration;
			buildSettings = {
				BUNDLE_LOADER = "$(TEST_HOST)";
				CODE_SIGN_STYLE = Automatic;
				INFOPLIST_FILE = tableViewTestTests/Info.plist;
				IPHONEOS_DEPLOYMENT_TARGET = 13.5;
				LD_RUNPATH_SEARCH_PATHS = (
					"$(inherited)",
					"@executable_path/Frameworks",
					"@loader_path/Frameworks",
				);
				PRODUCT_BUNDLE_IDENTIFIER = com.example.jupiter.tableViewTestTests;
				PRODUCT_NAME = "$(TARGET_NAME)";
				TARGETED_DEVICE_FAMILY = "1,2";
				TEST_HOST = "$(BUILT_PRODUCTS_DIR)/tableViewTest.app/tableViewTest";
			};
			name = Debug;
		};
		CE80450E248E592B00EB4AC8 /* Release */ = {
			isa = XCBuildConfiguration;
			buildSettings = {
				BUNDLE_LOADER = "$(TEST_HOST)";
				CODE_SIGN_STYLE = Automatic;
				INFOPLIST_FILE = tableViewTestTests/Info.plist;
				IPHONEOS_DEPLOYMENT_TARGET = 13.5;
				LD_RUNPATH_SEARCH_PATHS = (
					"$(inherited)",
					"@executable_path/Frameworks",
					"@loader_path/Frameworks",
				);
				PRODUCT_BUNDLE_IDENTIFIER = com.example.jupiter.tableViewTestTests;
				PRODUCT_NAME = "$(TARGET_NAME)";
				TARGETED_DEVICE_FAMILY = "1,2";
				TEST_HOST = "$(BUILT_PRODUCTS_DIR)/tableViewTest.app/tableViewTest";
			};
			name = Release;
		};
		CE804510248E592B00EB4AC8 /* Debug */ = {
			isa = XCBuildConfiguration;
			buildSettings = {
				CODE_SIGN_STYLE = Automatic;
				INFOPLIST_FILE = tableViewTestUITests/Info.plist;
				LD_RUNPATH_SEARCH_PATHS = (
					"$(inherited)",
					"@executable_path/Frameworks",
					"@loader_path/Frameworks",
				);
				PRODUCT_BUNDLE_IDENTIFIER = com.example.jupiter.tableViewTestUITests;
				PRODUCT_NAME = "$(TARGET_NAME)";
				TARGETED_DEVICE_FAMILY = "1,2";
				TEST_TARGET_NAME = tableViewTest;
			};
			name = Debug;
		};
		CE804511248E592B00EB4AC8 /* Release */ = {
			isa = XCBuildConfiguration;
			buildSettings = {
				CODE_SIGN_STYLE = Automatic;
				INFOPLIST_FILE = tableViewTestUITests/Info.plist;
				LD_RUNPATH_SEARCH_PATHS = (
					"$(inherited)",
					"@executable_path/Frameworks",
					"@loader_path/Frameworks",
				);
				PRODUCT_BUNDLE_IDENTIFIER = com.example.jupiter.tableViewTestUITests;
				PRODUCT_NAME = "$(TARGET_NAME)";
				TARGETED_DEVICE_FAMILY = "1,2";
				TEST_TARGET_NAME = tableViewTest;
			};
			name = Release;
		};
/* End XCBuildConfiguration section */

/* Begin XCConfigurationList section */
		CE8044D5248E592A00EB4AC8 /* Build configuration list for PBXProject "tableViewTest" */ = {
			isa = XCConfigurationList;
			buildConfigurations = (
				CE804507248E592B00EB4AC8 /* Debug */,
				CE804508248E592B00EB4AC8 /* Release */,
			);
			defaultConfigurationIsVisible = 0;
			defaultConfigurationName = Release;
		};
		CE804509248E592B00EB4AC8 /* Build configuration list for PBXNativeTarget "tableViewTest" */ = {
			isa = XCConfigurationList;
			buildConfigurations = (
				CE80450A248E592B00EB4AC8 /* Debug */,
				CE80450B248E592B00EB4AC8 /* Release */,
			);
			defaultConfigurationIsVisible = 0;
			defaultConfigurationName = Release;
		};
		CE80450C248E592B00EB4AC8 /* Build configuration list for PBXNativeTarget "tableViewTestTests" */ = {
			isa = XCConfigurationList;
			buildConfigurations = (
				CE80450D248E592B00EB4AC8 /* Debug */,
				CE80450E248E592B00EB4AC8 /* Release */,
			);
			defaultConfigurationIsVisible = 0;
			defaultConfigurationName = Release;
		};
		CE80450F248E592B00EB4AC8 /* Build configuration list for PBXNativeTarget "tableViewTestUITests" */ = {
			isa = XCConfigurationList;
			buildConfigurations = (
				CE804510248E592B00EB4AC8 /* Debug */,
				CE804511248E592B00EB4AC8 /* Release */,
			);
			defaultConfigurationIsVisible = 0;
			defaultConfigurationName = Release;
		};
/* End XCConfigurationList section */
	};
	rootObject = CE8044D2248E592A00EB4AC8 /* Project object */;
}
